// !$*UTF8*$!
{
	archiveVersion = 1;
	classes = {
	};
	objectVersion = 46;
	objects = {

/* Begin PBXBuildFile section */
		61E8EE5B1DFA9B9E00219D66 /* AppDelegate.m in Sources */ = {isa = PBXBuildFile; fileRef = 61E8EE5A1DFA9B9E00219D66 /* AppDelegate.m */; };
		61E8EE5E1DFA9B9E00219D66 /* main.m in Sources */ = {isa = PBXBuildFile; fileRef = 61E8EE5D1DFA9B9E00219D66 /* main.m */; };
		61E8EE601DFA9B9E00219D66 /* Assets.xcassets in Resources */ = {isa = PBXBuildFile; fileRef = 61E8EE5F1DFA9B9E00219D66 /* Assets.xcassets */; };
		61E8EE631DFA9B9E00219D66 /* MainMenu.xib in Resources */ = {isa = PBXBuildFile; fileRef = 61E8EE611DFA9B9E00219D66 /* MainMenu.xib */; };
		61E8EE6D1DFA9DB800219D66 /* MainWindowController.m in Sources */ = {isa = PBXBuildFile; fileRef = 61E8EE6B1DFA9DB800219D66 /* MainWindowController.m */; };
		61E8EE6E1DFA9DB800219D66 /* MainWindowController.xib in Resources */ = {isa = PBXBuildFile; fileRef = 61E8EE6C1DFA9DB800219D66 /* MainWindowController.xib */; };
		61E8EE721DFAA2BD00219D66 /* loginButton_backgroundImage.png in Resources */ = {isa = PBXBuildFile; fileRef = 61E8EE711DFAA2BD00219D66 /* loginButton_backgroundImage.png */; };
/* End PBXBuildFile section */

/* Begin PBXFileReference section */
		61E8EE561DFA9B9E00219D66 /* Panel.app */ = {isa = PBXFileReference; explicitFileType = wrapper.application; includeInIndex = 0; path = Panel.app; sourceTree = BUILT_PRODUCTS_DIR; };
		61E8EE591DFA9B9E00219D66 /* AppDelegate.h */ = {isa = PBXFileReference; lastKnownFileType = sourcecode.c.h; path = AppDelegate.h; sourceTree = "<group>"; };
		61E8EE5A1DFA9B9E00219D66 /* AppDelegate.m */ = {isa = PBXFileReference; lastKnownFileType = sourcecode.c.objc; path = AppDelegate.m; sourceTree = "<group>"; };
		61E8EE5D1DFA9B9E00219D66 /* main.m */ = {isa = PBXFileReference; lastKnownFileType = sourcecode.c.objc; path = main.m; sourceTree = "<group>"; };
		61E8EE5F1DFA9B9E00219D66 /* Assets.xcassets */ = {isa = PBXFileReference; lastKnownFileType = folder.assetcatalog; path = Assets.xcassets; sourceTree = "<group>"; };
		61E8EE621DFA9B9E00219D66 /* Base */ = {isa = PBXFileReference; lastKnownFileType = file.xib; name = Base; path = Base.lproj/MainMenu.xib; sourceTree = "<group>"; };
		61E8EE641DFA9B9E00219D66 /* Info.plist */ = {isa = PBXFileReference; lastKnownFileType = text.plist.xml; path = Info.plist; sourceTree = "<group>"; };
		61E8EE6A1DFA9DB800219D66 /* MainWindowController.h */ = {isa = PBXFileReference; fileEncoding = 4; lastKnownFileType = sourcecode.c.h; path = MainWindowController.h; sourceTree = "<group>"; };
		61E8EE6B1DFA9DB800219D66 /* MainWindowController.m */ = {isa = PBXFileReference; fileEncoding = 4; lastKnownFileType = sourcecode.c.objc; path = MainWindowController.m; sourceTree = "<group>"; };
		61E8EE6C1DFA9DB800219D66 /* MainWindowController.xib */ = {isa = PBXFileReference; fileEncoding = 4; lastKnownFileType = file.xib; path = MainWindowController.xib; sourceTree = "<group>"; };
		61E8EE711DFAA2BD00219D66 /* loginButton_backgroundImage.png */ = {isa = PBXFileReference; lastKnownFileType = image.png; path = loginButton_backgroundImage.png; sourceTree = "<group>"; };
/* End PBXFileReference section */

/* Begin PBXFrameworksBuildPhase section */
		61E8EE531DFA9B9E00219D66 /* Frameworks */ = {
			isa = PBXFrameworksBuildPhase;
			buildActionMask = 2147483647;
			files = (
			);
			runOnlyForDeploymentPostprocessing = 0;
		};
/* End PBXFrameworksBuildPhase section */

/* Begin PBXGroup section */
		61E8EE4D1DFA9B9E00219D66 = {
			isa = PBXGroup;
			children = (
				61E8EE581DFA9B9E00219D66 /* Panel */,
				61E8EE571DFA9B9E00219D66 /* Products */,
			);
			sourceTree = "<group>";
		};
		61E8EE571DFA9B9E00219D66 /* Products */ = {
			isa = PBXGroup;
			children = (
				61E8EE561DFA9B9E00219D66 /* Panel.app */,
			);
			name = Products;
			sourceTree = "<group>";
		};
		61E8EE581DFA9B9E00219D66 /* Panel */ = {
			isa = PBXGroup;
			children = (
				61E8EE591DFA9B9E00219D66 /* AppDelegate.h */,
				61E8EE5A1DFA9B9E00219D66 /* AppDelegate.m */,
				61E8EE6A1DFA9DB800219D66 /* MainWindowController.h */,
				61E8EE6B1DFA9DB800219D66 /* MainWindowController.m */,
				61E8EE6C1DFA9DB800219D66 /* MainWindowController.xib */,
				61E8EE711DFAA2BD00219D66 /* loginButton_backgroundImage.png */,
				61E8EE5F1DFA9B9E00219D66 /* Assets.xcassets */,
				61E8EE611DFA9B9E00219D66 /* MainMenu.xib */,
				61E8EE641DFA9B9E00219D66 /* Info.plist */,
				61E8EE5C1DFA9B9E00219D66 /* Supporting Files */,
			);
			path = Panel;
			sourceTree = "<group>";
		};
		61E8EE5C1DFA9B9E00219D66 /* Supporting Files */ = {
			isa = PBXGroup;
			children = (
				61E8EE5D1DFA9B9E00219D66 /* main.m */,
			);
			name = "Supporting Files";
			sourceTree = "<group>";
		};
/* End PBXGroup section */

/* Begin PBXNativeTarget section */
		61E8EE551DFA9B9E00219D66 /* Panel */ = {
			isa = PBXNativeTarget;
			buildConfigurationList = 61E8EE671DFA9B9E00219D66 /* Build configuration list for PBXNativeTarget "Panel" */;
			buildPhases = (
				61E8EE521DFA9B9E00219D66 /* Sources */,
				61E8EE531DFA9B9E00219D66 /* Frameworks */,
				61E8EE541DFA9B9E00219D66 /* Resources */,
			);
			buildRules = (
			);
			dependencies = (
			);
			name = Panel;
			productName = Panel;
			productReference = 61E8EE561DFA9B9E00219D66 /* Panel.app */;
			productType = "com.apple.product-type.application";
		};
/* End PBXNativeTarget section */

/* Begin PBXProject section */
		61E8EE4E1DFA9B9E00219D66 /* Project object */ = {
			isa = PBXProject;
			attributes = {
				LastUpgradeCheck = 0800;
				ORGANIZATIONNAME = wanglei;
				TargetAttributes = {
					61E8EE551DFA9B9E00219D66 = {
						CreatedOnToolsVersion = 8.0;
						ProvisioningStyle = Automatic;
					};
				};
			};
			buildConfigurationList = 61E8EE511DFA9B9E00219D66 /* Build configuration list for PBXProject "Panel" */;
			compatibilityVersion = "Xcode 3.2";
			developmentRegion = English;
			hasScannedForEncodings = 0;
			knownRegions = (
				en,
				Base,
			);
			mainGroup = 61E8EE4D1DFA9B9E00219D66;
			productRefGroup = 61E8EE571DFA9B9E00219D66 /* Products */;
			projectDirPath = "";
			projectRoot = "";
			targets = (
				61E8EE551DFA9B9E00219D66 /* Panel */,
			);
		};
/* End PBXProject section */

/* Begin PBXResourcesBuildPhase section */
		61E8EE541DFA9B9E00219D66 /* Resources */ = {
			isa = PBXResourcesBuildPhase;
			buildActionMask = 2147483647;
			files = (
				61E8EE601DFA9B9E00219D66 /* Assets.xcassets in Resources */,
				61E8EE721DFAA2BD00219D66 /* loginButton_backgroundImage.png in Resources */,
				61E8EE6E1DFA9DB800219D66 /* MainWindowController.xib in Resources */,
				61E8EE631DFA9B9E00219D66 /* MainMenu.xib in Resources */,
			);
			runOnlyForDeploymentPostprocessing = 0;
		};
/* End PBXResourcesBuildPhase section */

/* Begin PBXSourcesBuildPhase section */
		61E8EE521DFA9B9E00219D66 /* Sources */ = {
			isa = PBXSourcesBuildPhase;
			buildActionMask = 2147483647;
			files = (
				61E8EE6D1DFA9DB800219D66 /* MainWindowController.m in Sources */,
				61E8EE5E1DFA9B9E00219D66 /* main.m in Sources */,
				61E8EE5B1DFA9B9E00219D66 /* AppDelegate.m in Sources */,
			);
			runOnlyForDeploymentPostprocessing = 0;
		};
/* End PBXSourcesBuildPhase section */

/* Begin PBXVariantGroup section */
		61E8EE611DFA9B9E00219D66 /* MainMenu.xib */ = {
			isa = PBXVariantGroup;
			children = (
				61E8EE621DFA9B9E00219D66 /* Base */,
			);
			name = MainMenu.xib;
			sourceTree = "<group>";
		};
/* End PBXVariantGroup section */

/* Begin XCBuildConfiguration section */
		61E8EE651DFA9B9E00219D66 /* Debug */ = {
			isa = XCBuildConfiguration;
			buildSettings = {
				ALWAYS_SEARCH_USER_PATHS = NO;
				CLANG_ANALYZER_NONNULL = YES;
				CLANG_CXX_LANGUAGE_STANDARD = "gnu++0x";
				CLANG_CXX_LIBRARY = "libc++";
				CLANG_ENABLE_MODULES = YES;
				CLANG_ENABLE_OBJC_ARC = YES;
				CLANG_WARN_BOOL_CONVERSION = YES;
				CLANG_WARN_CONSTANT_CONVERSION = YES;
				CLANG_WARN_DIRECT_OBJC_ISA_USAGE = YES_ERROR;
				CLANG_WARN_DOCUMENTATION_COMMENTS = YES;
				CLANG_WARN_EMPTY_BODY = YES;
				CLANG_WARN_ENUM_CONVERSION = YES;
				CLANG_WARN_INFINITE_RECURSION = YES;
				CLANG_WARN_INT_CONVERSION = YES;
				CLANG_WARN_OBJC_ROOT_CLASS = YES_ERROR;
				CLANG_WARN_SUSPICIOUS_MOVES = YES;
				CLANG_WARN_UNREACHABLE_CODE = YES;
				CLANG_WARN__DUPLICATE_METHOD_MATCH = YES;
				CODE_SIGN_IDENTITY = "-";
				COPY_PHASE_STRIP = NO;
				DEBUG_INFORMATION_FORMAT = dwarf;
				ENABLE_STRICT_OBJC_MSGSEND = YES;
				ENABLE_TESTABILITY = YES;
				GCC_C_LANGUAGE_STANDARD = gnu99;
				GCC_DYNAMIC_NO_PIC = NO;
				GCC_NO_COMMON_BLOCKS = YES;
				GCC_OPTIMIZATION_LEVEL = 0;
				GCC_PREPROCESSOR_DEFINITIONS = (
					"DEBUG=1",
					"$(inherited)",
				);
				GCC_WARN_64_TO_32_BIT_CONVERSION = YES;
				GCC_WARN_ABOUT_RETURN_TYPE = YES_ERROR;
				GCC_WARN_UNDECLARED_SELECTOR = YES;
				GCC_WARN_UNINITIALIZED_AUTOS = YES_AGGRESSIVE;
				GCC_WARN_UNUSED_FUNCTION = YES;
				GCC_WARN_UNUSED_VARIABLE = YES;
				MACOSX_DEPLOYMENT_TARGET = 10.11;
				MTL_ENABLE_DEBUG_INFO = YES;
				ONLY_ACTIVE_ARCH = YES;
				SDKROOT = macosx;
			};
			name = Debug;
		};
		61E8EE661DFA9B9E00219D66 /* Release */ = {
			isa = XCBuildConfiguration;
			buildSettings = {
				ALWAYS_SEARCH_USER_PATHS = NO;
				CLANG_ANALYZER_NONNULL = YES;
				CLANG_CXX_LANGUAGE_STANDARD = "gnu++0x";
				CLANG_CXX_LIBRARY = "libc++";
				CLANG_ENABLE_MODULES = YES;
				CLANG_ENABLE_OBJC_ARC = YES;
				CLANG_WARN_BOOL_CONVERSION = YES;
				CLANG_WARN_CONSTANT_CONVERSION = YES;
				CLANG_WARN_DIRECT_OBJC_ISA_USAGE = YES_ERROR;
				CLANG_WARN_DOCUMENTATION_COMMENTS = YES;
				CLANG_WARN_EMPTY_BODY = YES;
				CLANG_WARN_ENUM_CONVERSION = YES;
				CLANG_WARN_INFINITE_RECURSION = YES;
				CLANG_WARN_INT_CONVERSION = YES;
				CLANG_WARN_OBJC_ROOT_CLASS = YES_ERROR;
				CLANG_WARN_SUSPICIOUS_MOVES = YES;
				CLANG_WARN_UNREACHABLE_CODE = YES;
				CLANG_WARN__DUPLICATE_METHOD_MATCH = YES;
				CODE_SIGN_IDENTITY = "-";
				COPY_PHASE_STRIP = NO;
				DEBUG_INFORMATION_FORMAT = "dwarf-with-dsym";
				ENABLE_NS_ASSERTIONS = NO;
				ENABLE_STRICT_OBJC_MSGSEND = YES;
				GCC_C_LANGUAGE_STANDARD = gnu99;
				GCC_NO_COMMON_BLOCKS = YES;
				GCC_WARN_64_TO_32_BIT_CONVERSION = YES;
				GCC_WARN_ABOUT_RETURN_TYPE = YES_ERROR;
				GCC_WARN_UNDECLARED_SELECTOR = YES;
				GCC_WARN_UNINITIALIZED_AUTOS = YES_AGGRESSIVE;
				GCC_WARN_UNUSED_FUNCTION = YES;
				GCC_WARN_UNUSED_VARIABLE = YES;
				MACOSX_DEPLOYMENT_TARGET = 10.11;
				MTL_ENABLE_DEBUG_INFO = NO;
				SDKROOT = macosx;
			};
			name = Release;
		};
		61E8EE681DFA9B9E00219D66 /* Debug */ = {
			isa = XCBuildConfiguration;
			buildSettings = {
				ASSETCATALOG_COMPILER_APPICON_NAME = AppIcon;
				COMBINE_HIDPI_IMAGES = YES;
				INFOPLIST_FILE = Panel/Info.plist;
				LD_RUNPATH_SEARCH_PATHS = "$(inherited) @executable_path/../Frameworks";
				PRODUCT_BUNDLE_IDENTIFIER = com.wanglei.Panel;
				PRODUCT_NAME = "$(TARGET_NAME)";
			};
			name = Debug;
		};
		61E8EE691DFA9B9E00219D66 /* Release */ = {
			isa = XCBuildConfiguration;
			buildSettings = {
				ASSETCATALOG_COMPILER_APPICON_NAME = AppIcon;
				COMBINE_HIDPI_IMAGES = YES;
				INFOPLIST_FILE = Panel/Info.plist;
				LD_RUNPATH_SEARCH_PATHS = "$(inherited) @executable_path/../Frameworks";
				PRODUCT_BUNDLE_IDENTIFIER = com.wanglei.Panel;
				PRODUCT_NAME = "$(TARGET_NAME)";
			};
			name = Release;
		};
/* End XCBuildConfiguration section */

/* Begin XCConfigurationList section */
		61E8EE511DFA9B9E00219D66 /* Build configuration list for PBXProject "Panel" */ = {
			isa = XCConfigurationList;
			buildConfigurations = (
				61E8EE651DFA9B9E00219D66 /* Debug */,
				61E8EE661DFA9B9E00219D66 /* Release */,
			);
			defaultConfigurationIsVisible = 0;
			defaultConfigurationName = Release;
		};
		61E8EE671DFA9B9E00219D66 /* Build configuration list for PBXNativeTarget "Panel" */ = {
			isa = XCConfigurationList;
			buildConfigurations = (
				61E8EE681DFA9B9E00219D66 /* Debug */,
				61E8EE691DFA9B9E00219D66 /* Release */,
			);
			defaultConfigurationIsVisible = 0;
		};
/* End XCConfigurationList section */
	};
	rootObject = 61E8EE4E1DFA9B9E00219D66 /* Project object */;
}
